
Microsoft Visual Studio Solution File, Format Version 11.00
# Visual Studio 2010
Project("{FAE04EC0-301F-11D3-BF4B-00C04F79EFBC}") = "EntidadesCompartidas", "EntidadesCompartidas\EntidadesCompartidas.csproj", "{9D6FB41C-2D57-4274-840A-4C3E9EC90E90}"
EndProject
Global
	GlobalSection(SolutionConfigurationPlatforms) = preSolution
		Debug|Any CPU = Debug|Any CPU
		Release|Any CPU = Release|Any CPU
	EndGlobalSection
	GlobalSection(ProjectConfigurationPlatforms) = postSolution
		{9D6FB41C-2D57-4274-840A-4C3E9EC90E90}.Debug|Any CPU.ActiveCfg = Debug|Any CPU
		{9D6FB41C-2D57-4274-840A-4C3E9EC90E90}.Debug|Any CPU.Build.0 = Debug|Any CPU
		{9D6FB41C-2D57-4274-840A-4C3E9EC90E90}.Release|Any CPU.ActiveCfg = Release|Any CPU
		{9D6FB41C-2D57-4274-840A-4C3E9EC90E90}.Release|Any CPU.Build.0 = Release|Any CPU
	EndGlobalSection
	GlobalSection(SolutionProperties) = preSolution
		HideSolutionNode = FALSE
	EndGlobalSection
EndGlobal
